
Microsoft Visual Studio Solution File, Format Version 12.00
# Visual Studio 15
VisualStudioVersion = 15.0.28307.779
MinimumVisualStudioVersion = 10.0.40219.1
Project("{FAE04EC0-301F-11D3-BF4B-00C04F79EFBC}") = "BasicConsoleIO", "BasicConsoleIO\BasicConsoleIO.csproj", "{980B9251-9332-4655-8E4C-825F7AFBF7DF}"
EndProject
Global
	GlobalSection(SolutionConfigurationPlatforms) = preSolution
		Debug|Any CPU = Debug|Any CPU
		Release|Any CPU = Release|Any CPU
	EndGlobalSection
	GlobalSection(ProjectConfigurationPlatforms) = postSolution
		{980B9251-9332-4655-8E4C-825F7AFBF7DF}.Debug|Any CPU.ActiveCfg = Debug|Any CPU
		{980B9251-9332-4655-8E4C-825F7AFBF7DF}.Debug|Any CPU.Build.0 = Debug|Any CPU
		{980B9251-9332-4655-8E4C-825F7AFBF7DF}.Release|Any CPU.ActiveCfg = Release|Any CPU
		{980B9251-9332-4655-8E4C-825F7AFBF7DF}.Release|Any CPU.Build.0 = Release|Any CPU
	EndGlobalSection
	GlobalSection(SolutionProperties) = preSolution
		HideSolutionNode = FALSE
	EndGlobalSection
	GlobalSection(ExtensibilityGlobals) = postSolution
		SolutionGuid = {EFB9C89F-FAEF-4ADA-B89E-5AECC632C510}
	EndGlobalSection
EndGlobal
